
Microsoft Visual Studio Solution File, Format Version 12.00
# Visual Studio Version 16
VisualStudioVersion = 16.0.31129.286
MinimumVisualStudioVersion = 10.0.40219.1
Project("{FAE04EC0-301F-11D3-BF4B-00C04F79EFBC}") = "GetImg", "GetImg\GetImg.csproj", "{F83DD416-E5A2-4159-B322-8A726BA3AE4D}"
EndProject
Global
	GlobalSection(SolutionConfigurationPlatforms) = preSolution
		Debug|Any CPU = Debug|Any CPU
		Release|Any CPU = Release|Any CPU
	EndGlobalSection
	GlobalSection(ProjectConfigurationPlatforms) = postSolution
		{F83DD416-E5A2-4159-B322-8A726BA3AE4D}.Debug|Any CPU.ActiveCfg = Debug|Any CPU
		{F83DD416-E5A2-4159-B322-8A726BA3AE4D}.Debug|Any CPU.Build.0 = Debug|Any CPU
		{F83DD416-E5A2-4159-B322-8A726BA3AE4D}.Release|Any CPU.ActiveCfg = Release|Any CPU
		{F83DD416-E5A2-4159-B322-8A726BA3AE4D}.Release|Any CPU.Build.0 = Release|Any CPU
	EndGlobalSection
	GlobalSection(SolutionProperties) = preSolution
		HideSolutionNode = FALSE
	EndGlobalSection
	GlobalSection(ExtensibilityGlobals) = postSolution
		SolutionGuid = {581CB89B-DE0A-463F-BC9F-0465140B7B9E}
	EndGlobalSection
EndGlobal
